
Microsoft Visual Studio Solution File, Format Version 12.00
# Visual Studio 14
VisualStudioVersion = 14.0.25402.0
MinimumVisualStudioVersion = 10.0.40219.1
Project("{9092AA53-FB77-4645-B42D-1CCCA6BD08BD}") = "Octgn.JS", "Octgn.JS\Octgn.JS.njsproj", "{5704A2A7-9D35-4F85-80CF-FDBED1189DD1}"
EndProject
Global
	GlobalSection(SolutionConfigurationPlatforms) = preSolution
		Debug|Any CPU = Debug|Any CPU
		Release|Any CPU = Release|Any CPU
	EndGlobalSection
	GlobalSection(ProjectConfigurationPlatforms) = postSolution
		{5704A2A7-9D35-4F85-80CF-FDBED1189DD1}.Debug|Any CPU.ActiveCfg = Debug|Any CPU
		{5704A2A7-9D35-4F85-80CF-FDBED1189DD1}.Debug|Any CPU.Build.0 = Debug|Any CPU
		{5704A2A7-9D35-4F85-80CF-FDBED1189DD1}.Release|Any CPU.ActiveCfg = Release|Any CPU
		{5704A2A7-9D35-4F85-80CF-FDBED1189DD1}.Release|Any CPU.Build.0 = Release|Any CPU
	EndGlobalSection
	GlobalSection(SolutionProperties) = preSolution
		HideSolutionNode = FALSE
	EndGlobalSection
EndGlobal
