
Microsoft Visual Studio Solution File, Format Version 12.00
# Visual Studio 14
VisualStudioVersion = 14.0.24720.0
MinimumVisualStudioVersion = 10.0.40219.1
Project("{FAE04EC0-301F-11D3-BF4B-00C04F79EFBC}") = "Octgn.WindowsClient", "Octgn.WindowsClient\Octgn.WindowsClient.csproj", "{9A0F112F-91BE-48B9-93C1-0B0114D6381E}"
EndProject
Project("{FAE04EC0-301F-11D3-BF4B-00C04F79EFBC}") = "Octgn.Server", "Octgn.Server\Octgn.Server.csproj", "{B6B5D47A-FC8A-47DD-B9F3-B66F1CC25B1F}"
EndProject
Project("{FAE04EC0-301F-11D3-BF4B-00C04F79EFBC}") = "Octgn.Test", "Octgn.Test\Octgn.Test.csproj", "{54E48D2A-9002-41DE-B2B1-99F1BBDE9281}"
EndProject
Project("{FAE04EC0-301F-11D3-BF4B-00C04F79EFBC}") = "Octgn.Shared", "Octgn.Shared\Octgn.Shared.csproj", "{B4730346-26D1-4A9C-92AB-1E13664943AB}"
EndProject
Project("{8BB2217D-0F2D-49D1-97BC-3654ED321F3B}") = "Octgn.UI", "Octgn.UI\Octgn.UI.xproj", "{78FE62F8-9183-469E-9011-6A86A1C7ED5F}"
EndProject
Global
	GlobalSection(SolutionConfigurationPlatforms) = preSolution
		Debug|Any CPU = Debug|Any CPU
		Release|Any CPU = Release|Any CPU
	EndGlobalSection
	GlobalSection(ProjectConfigurationPlatforms) = postSolution
		{9A0F112F-91BE-48B9-93C1-0B0114D6381E}.Debug|Any CPU.ActiveCfg = Debug|Any CPU
		{9A0F112F-91BE-48B9-93C1-0B0114D6381E}.Debug|Any CPU.Build.0 = Debug|Any CPU
		{9A0F112F-91BE-48B9-93C1-0B0114D6381E}.Release|Any CPU.ActiveCfg = Release|Any CPU
		{9A0F112F-91BE-48B9-93C1-0B0114D6381E}.Release|Any CPU.Build.0 = Release|Any CPU
		{B6B5D47A-FC8A-47DD-B9F3-B66F1CC25B1F}.Debug|Any CPU.ActiveCfg = Debug|Any CPU
		{B6B5D47A-FC8A-47DD-B9F3-B66F1CC25B1F}.Debug|Any CPU.Build.0 = Debug|Any CPU
		{B6B5D47A-FC8A-47DD-B9F3-B66F1CC25B1F}.Release|Any CPU.ActiveCfg = Release|Any CPU
		{B6B5D47A-FC8A-47DD-B9F3-B66F1CC25B1F}.Release|Any CPU.Build.0 = Release|Any CPU
		{54E48D2A-9002-41DE-B2B1-99F1BBDE9281}.Debug|Any CPU.ActiveCfg = Debug|Any CPU
		{54E48D2A-9002-41DE-B2B1-99F1BBDE9281}.Debug|Any CPU.Build.0 = Debug|Any CPU
		{54E48D2A-9002-41DE-B2B1-99F1BBDE9281}.Release|Any CPU.ActiveCfg = Release|Any CPU
		{54E48D2A-9002-41DE-B2B1-99F1BBDE9281}.Release|Any CPU.Build.0 = Release|Any CPU
		{B4730346-26D1-4A9C-92AB-1E13664943AB}.Debug|Any CPU.ActiveCfg = Debug|Any CPU
		{B4730346-26D1-4A9C-92AB-1E13664943AB}.Debug|Any CPU.Build.0 = Debug|Any CPU
		{B4730346-26D1-4A9C-92AB-1E13664943AB}.Release|Any CPU.ActiveCfg = Release|Any CPU
		{B4730346-26D1-4A9C-92AB-1E13664943AB}.Release|Any CPU.Build.0 = Release|Any CPU
		{78FE62F8-9183-469E-9011-6A86A1C7ED5F}.Debug|Any CPU.ActiveCfg = Debug|Any CPU
		{78FE62F8-9183-469E-9011-6A86A1C7ED5F}.Debug|Any CPU.Build.0 = Debug|Any CPU
		{78FE62F8-9183-469E-9011-6A86A1C7ED5F}.Release|Any CPU.ActiveCfg = Release|Any CPU
		{78FE62F8-9183-469E-9011-6A86A1C7ED5F}.Release|Any CPU.Build.0 = Release|Any CPU
	EndGlobalSection
	GlobalSection(SolutionProperties) = preSolution
		HideSolutionNode = FALSE
	EndGlobalSection
EndGlobal
